{
  "name": "Metta-KG-fork",
  "lockfileVersion": 3,
  "requires": true,
  "packages": {
    "": {
      "dependencies": {
        "solid-heroicons": "^3.2.4"
      }
    },
    "node_modules/csstype": {
      "version": "3.1.3",
      "resolved": "https://registry.npmjs.org/csstype/-/csstype-3.1.3.tgz",
      "integrity": "sha512-M1uQkMl8rQK/szD0LNhtqxIPLpimGm8sOBwU7lLnCpSbTyY3yeU1Vc7l4KT5zT4s/yOxHH5O7tIuuLOCnLADRw==",
      "license": "MIT"
    },
    "node_modules/seroval": {
      "version": "1.3.2",
      "resolved": "https://registry.npmjs.org/seroval/-/seroval-1.3.2.tgz",
      "integrity": "sha512-RbcPH1n5cfwKrru7v7+zrZvjLurgHhGyso3HTyGtRivGWgYjbOmGuivCQaORNELjNONoK35nj28EoWul9sb1zQ==",
      "license": "MIT",
      "engines": {
        "node": ">=10"
      }
    },
    "node_modules/seroval-plugins": {
      "version": "1.3.2",
      "resolved": "https://registry.npmjs.org/seroval-plugins/-/seroval-plugins-1.3.2.tgz",
      "integrity": "sha512-0QvCV2lM3aj/U3YozDiVwx9zpH0q8A60CTWIv4Jszj/givcudPb48B+rkU5D51NJ0pTpweGMttHjboPa9/zoIQ==",
      "license": "MIT",
      "engines": {
        "node": ">=10"
      },
      "peerDependencies": {
        "seroval": "^1.0"
      }
    },
    "node_modules/solid-heroicons": {
      "version": "3.2.4",
      "resolved": "https://registry.npmjs.org/solid-heroicons/-/solid-heroicons-3.2.4.tgz",
      "integrity": "sha512-u6BMdFLvkJnvUGYzdFcWp1wvJ4hb9Y1zd3AbZ9D3bUmmiy9jBzNZX+RcqBCI2EKRvdQwAb1UB9bkESfqfhayDg==",
      "license": "MIT",
      "dependencies": {
        "solid-js": "^1.7.6"
      },
      "peerDependencies": {
        "solid-js": ">= ^1.2.5"
      }
    },
    "node_modules/solid-js": {
      "version": "1.9.9",
      "resolved": "https://registry.npmjs.org/solid-js/-/solid-js-1.9.9.tgz",
      "integrity": "sha512-A0ZBPJQldAeGCTW0YRYJmt7RCeh5rbFfPZ2aOttgYnctHE7HgKeHCBB/PVc2P7eOfmNXqMFFFoYYdm3S4dcbkA==",
      "license": "MIT",
      "dependencies": {
        "csstype": "^3.1.0",
        "seroval": "~1.3.0",
        "seroval-plugins": "~1.3.0"
      }
    }
  }
}
